PODS:
  - Alamofire (4.7.2)
  - Bolts/Tasks (1.9.0)
  - HaishinKit (0.9.0):
    - Logboard (~> 1.1.6)
  - Logboard (1.1.6)
  - Parse (1.17.1):
    - Parse/Core (= 1.17.1)
  - Parse/Core (1.17.1):
    - Bolts/Tasks (~> 1.9)
  - SnapKit (4.0.0)
  - SVProgressHUD (2.2.5)
  - SwiftDate (4.5.1)

DEPENDENCIES:
  - Alamofire (~> 4.7)
  - HaishinKit (~> 0.9.0)
  - Parse
  - SnapKit (~> 4.0.0)
  - SVProgressHUD
  - SwiftDate

SPEC REPOS:
  https://github.com/cocoapods/specs.git:
    - Alamofire
    - Bolts
    - HaishinKit
    - Logboard
    - Parse
    - SnapKit
    - SVProgressHUD
    - SwiftDate

SPEC CHECKSUMS:
  Alamofire: e4fa87002c137ba2d8d634d2c51fabcda0d5c223
  Bolts: ac6567323eac61e203f6a9763667d0f711be34c8
  HaishinKit: 301b0572f140094e9ee6dc5fb79c0701a7ec131e
  Logboard: 5a0df1bb3bf1a4f505170c26beb124a2a00ecad3
  Parse: d3edaf8c7c722cb33cb83ba7821d015ae32d362d
  SnapKit: a42d492c16e80209130a3379f73596c3454b7694
  SVProgressHUD: 1428aafac632c1f86f62aa4243ec12008d7a51d6
  SwiftDate: 7b56d42a221f582047287deb256b23fc5ed49a60

PODFILE CHECKSUM: b0e190f8fff29f94846db1e9f7563f61765b1dde

COCOAPODS: 1.5.3
